
Microsoft Visual Studio Solution File, Format Version 12.00
# Visual Studio Version 17
VisualStudioVersion = 17.13.35931.197 d17.13
MinimumVisualStudioVersion = 10.0.40219.1
Project("{FAE04EC0-301F-11D3-BF4B-00C04F79EFBC}") = "3dstoolbatch", "3dstoolbatch.csproj", "{8FA821C4-E4CA-434D-9523-25642D81D1C8}"
EndProject
Global
	GlobalSection(SolutionConfigurationPlatforms) = preSolution
		Debug|Any CPU = Debug|Any CPU
		Release|Any CPU = Release|Any CPU
	EndGlobalSection
	GlobalSection(ProjectConfigurationPlatforms) = postSolution
		{8FA821C4-E4CA-434D-9523-25642D81D1C8}.Debug|Any CPU.ActiveCfg = Debug|Any CPU
		{8FA821C4-E4CA-434D-9523-25642D81D1C8}.Debug|Any CPU.Build.0 = Debug|Any CPU
		{8FA821C4-E4CA-434D-9523-25642D81D1C8}.Release|Any CPU.ActiveCfg = Release|Any CPU
		{8FA821C4-E4CA-434D-9523-25642D81D1C8}.Release|Any CPU.Build.0 = Release|Any CPU
	EndGlobalSection
	GlobalSection(SolutionProperties) = preSolution
		HideSolutionNode = FALSE
	EndGlobalSection
	GlobalSection(ExtensibilityGlobals) = postSolution
		SolutionGuid = {A5A51DDB-D429-47DF-B703-43A751876AB4}
	EndGlobalSection
EndGlobal
